
Microsoft Visual Studio Solution File, Format Version 12.00
# Visual Studio Version 17
VisualStudioVersion = 17.8.34330.188
MinimumVisualStudioVersion = 10.0.40219.1
Project("{FAE04EC0-301F-11D3-BF4B-00C04F79EFBC}") = "escolha_caso_projeto", "escolha_caso_projeto\escolha_caso_projeto.csproj", "{997C1B04-2F7B-475C-9EB1-E8054960D4D9}"
EndProject
Global
	GlobalSection(SolutionConfigurationPlatforms) = preSolution
		Debug|Any CPU = Debug|Any CPU
		Release|Any CPU = Release|Any CPU
	EndGlobalSection
	GlobalSection(ProjectConfigurationPlatforms) = postSolution
		{997C1B04-2F7B-475C-9EB1-E8054960D4D9}.Debug|Any CPU.ActiveCfg = Debug|Any CPU
		{997C1B04-2F7B-475C-9EB1-E8054960D4D9}.Debug|Any CPU.Build.0 = Debug|Any CPU
		{997C1B04-2F7B-475C-9EB1-E8054960D4D9}.Release|Any CPU.ActiveCfg = Release|Any CPU
		{997C1B04-2F7B-475C-9EB1-E8054960D4D9}.Release|Any CPU.Build.0 = Release|Any CPU
	EndGlobalSection
	GlobalSection(SolutionProperties) = preSolution
		HideSolutionNode = FALSE
	EndGlobalSection
	GlobalSection(ExtensibilityGlobals) = postSolution
		SolutionGuid = {96812A79-1713-4ADF-B618-EF33F0F49B1C}
	EndGlobalSection
EndGlobal
